// !$*UTF8*$!
{
	archiveVersion = 1;
	classes = {
	};
	objectVersion = 50;
	objects = {

/* Begin PBXBuildFile section */
		A009EFD6228EF8D900839F5D /* DataProviderNetwork.m in Sources */ = {isa = PBXBuildFile; fileRef = A009EFD5228EF8D900839F5D /* DataProviderNetwork.m */; };
		A0147FF322817D4F00A4D94F /* Gallery.m in Sources */ = {isa = PBXBuildFile; fileRef = A0147FF222817D4F00A4D94F /* Gallery.m */; };
		A0147FF62282B21D00A4D94F /* Photo.m in Sources */ = {isa = PBXBuildFile; fileRef = A0147FF52282B21C00A4D94F /* Photo.m */; };
		A0147FF92282CB9B00A4D94F /* GalleryPhotosViewController.m in Sources */ = {isa = PBXBuildFile; fileRef = A0147FF82282CB9B00A4D94F /* GalleryPhotosViewController.m */; };
		A02798142296B006002B42FE /* GalleryCollectionViewDataSource.m in Sources */ = {isa = PBXBuildFile; fileRef = A02798132296B006002B42FE /* GalleryCollectionViewDataSource.m */; };
		A027981B2296C770002B42FE /* UIScrollView.m in Sources */ = {isa = PBXBuildFile; fileRef = A027981A2296C770002B42FE /* UIScrollView.m */; };
		A027981E2296D917002B42FE /* FooterCollectionReusableView.m in Sources */ = {isa = PBXBuildFile; fileRef = A027981D2296D917002B42FE /* FooterCollectionReusableView.m */; };
		A03E2D222282FC3E00CD9DF6 /* PhotoViewController.m in Sources */ = {isa = PBXBuildFile; fileRef = A03E2D212282FC3E00CD9DF6 /* PhotoViewController.m */; };
		A03E2D2522896D1E00CD9DF6 /* ListOfGalleries.m in Sources */ = {isa = PBXBuildFile; fileRef = A03E2D2422896D1E00CD9DF6 /* ListOfGalleries.m */; };
		A03E2D3222898CEA00CD9DF6 /* GetListOfGalleriesResponseParser.m in Sources */ = {isa = PBXBuildFile; fileRef = A03E2D3122898CEA00CD9DF6 /* GetListOfGalleriesResponseParser.m */; };
		A03E2D482289C7E500CD9DF6 /* GalleryCell.m in Sources */ = {isa = PBXBuildFile; fileRef = A03E2D472289C7E500CD9DF6 /* GalleryCell.m */; };
		A04BF47B22A7B502006895F6 /* UsersListViewController.m in Sources */ = {isa = PBXBuildFile; fileRef = A04BF47A22A7B502006895F6 /* UsersListViewController.m */; };
		A04BF47E22A7B992006895F6 /* User.m in Sources */ = {isa = PBXBuildFile; fileRef = A04BF47D22A7B992006895F6 /* User.m */; };
		A04BF48322A7F65E006895F6 /* AddGallery.storyboard in Resources */ = {isa = PBXBuildFile; fileRef = A04BF48222A7F65E006895F6 /* AddGallery.storyboard */; };
		A04BF48622A80338006895F6 /* AddGalleryViewController.m in Sources */ = {isa = PBXBuildFile; fileRef = A04BF48522A80338006895F6 /* AddGalleryViewController.m */; };
		A055BEDE228019ED00400256 /* AppDelegate.m in Sources */ = {isa = PBXBuildFile; fileRef = A055BEDD228019ED00400256 /* AppDelegate.m */; };
		A055BEE1228019ED00400256 /* GalleriesListViewController.m in Sources */ = {isa = PBXBuildFile; fileRef = A055BEE0228019ED00400256 /* GalleriesListViewController.m */; };
		A055BEE4228019ED00400256 /* Main.storyboard in Resources */ = {isa = PBXBuildFile; fileRef = A055BEE2228019ED00400256 /* Main.storyboard */; };
		A055BEE7228019ED00400256 /* URLLoadingSystem.xcdatamodeld in Sources */ = {isa = PBXBuildFile; fileRef = A055BEE5228019ED00400256 /* URLLoadingSystem.xcdatamodeld */; };
		A055BEE9228019F100400256 /* Assets.xcassets in Resources */ = {isa = PBXBuildFile; fileRef = A055BEE8228019F100400256 /* Assets.xcassets */; };
		A055BEEC228019F100400256 /* LaunchScreen.storyboard in Resources */ = {isa = PBXBuildFile; fileRef = A055BEEA228019F100400256 /* LaunchScreen.storyboard */; };
		A055BEEF228019F100400256 /* main.m in Sources */ = {isa = PBXBuildFile; fileRef = A055BEEE228019F100400256 /* main.m */; };
		A055BEF722801A2F00400256 /* NetworkManager.m in Sources */ = {isa = PBXBuildFile; fileRef = A055BEF622801A2F00400256 /* NetworkManager.m */; };
		A05C2A21228D379A009BF7BA /* JSONParser.m in Sources */ = {isa = PBXBuildFile; fileRef = A05C2A20228D379A009BF7BA /* JSONParser.m */; };
		A05C2A24228D3FD7009BF7BA /* XMLParser.m in Sources */ = {isa = PBXBuildFile; fileRef = A05C2A23228D3FD7009BF7BA /* XMLParser.m */; };
		A05C2A2B228D4312009BF7BA /* GetPhotosResponseParser.m in Sources */ = {isa = PBXBuildFile; fileRef = A05C2A2A228D4312009BF7BA /* GetPhotosResponseParser.m */; };
		A0664858229C16AB00066CEA /* ParserProvider.m in Sources */ = {isa = PBXBuildFile; fileRef = A0664857229C16AB00066CEA /* ParserProvider.m */; };
		A066485D229C253000066CEA /* GalleryHeaderCollectionReusableView.m in Sources */ = {isa = PBXBuildFile; fileRef = A066485C229C253000066CEA /* GalleryHeaderCollectionReusableView.m */; };
		A06C9A01229FB1D4005A6AF3 /* PhotoCollectionViewCell.m in Sources */ = {isa = PBXBuildFile; fileRef = A06C9A00229FB1D4005A6AF3 /* PhotoCollectionViewCell.m */; };
		A06C9A04229FB65B005A6AF3 /* MainPhotoCollectionViewCell.m in Sources */ = {isa = PBXBuildFile; fileRef = A06C9A03229FB65B005A6AF3 /* MainPhotoCollectionViewCell.m */; };
		A06C9A11229FC734005A6AF3 /* PhotoCell.xib in Resources */ = {isa = PBXBuildFile; fileRef = A06C9A10229FC734005A6AF3 /* PhotoCell.xib */; };
		A06C9A1622A01A6D005A6AF3 /* MainPhotoCell.xib in Resources */ = {isa = PBXBuildFile; fileRef = A06C9A1522A01A6D005A6AF3 /* MainPhotoCell.xib */; };
		A08503D1229805850083FEB7 /* Constants.m in Sources */ = {isa = PBXBuildFile; fileRef = A08503D0229805850083FEB7 /* Constants.m */; };
		A08503D9229836F10083FEB7 /* Footer.xib in Resources */ = {isa = PBXBuildFile; fileRef = A08503D8229836F10083FEB7 /* Footer.xib */; };
		A0862CE3229525BB00F1855B /* PhotoProvider.m in Sources */ = {isa = PBXBuildFile; fileRef = A0862CE2229525BB00F1855B /* PhotoProvider.m */; };
		A0862CE6229527C700F1855B /* GalleriesListProvider.m in Sources */ = {isa = PBXBuildFile; fileRef = A0862CE5229527C700F1855B /* GalleriesListProvider.m */; };
		A0B2932822AE44570051358B /* UICollectionView.m in Sources */ = {isa = PBXBuildFile; fileRef = A0B2932722AE44570051358B /* UICollectionView.m */; };
		A0F4C1DB22A94C770080E040 /* LocalGalleriesListProvider.m in Sources */ = {isa = PBXBuildFile; fileRef = A0F4C1DA22A94C770080E040 /* LocalGalleriesListProvider.m */; };
		A0F4C1E122A95AA80080E040 /* AddPhotosToGalleryViewController.m in Sources */ = {isa = PBXBuildFile; fileRef = A0F4C1E022A95AA80080E040 /* AddPhotosToGalleryViewController.m */; };
/* End PBXBuildFile section */

/* Begin PBXFileReference section */
		A009EFD4228EF8D900839F5D /* DataProviderNetwork.h */ = {isa = PBXFileReference; lastKnownFileType = sourcecode.c.h; path = DataProviderNetwork.h; sourceTree = "<group>"; };
		A009EFD5228EF8D900839F5D /* DataProviderNetwork.m */ = {isa = PBXFileReference; lastKnownFileType = sourcecode.c.objc; path = DataProviderNetwork.m; sourceTree = "<group>"; };
		A0147FF122817D4F00A4D94F /* Gallery.h */ = {isa = PBXFileReference; lastKnownFileType = sourcecode.c.h; path = Gallery.h; sourceTree = "<group>"; };
		A0147FF222817D4F00A4D94F /* Gallery.m */ = {isa = PBXFileReference; lastKnownFileType = sourcecode.c.objc; path = Gallery.m; sourceTree = "<group>"; };
		A0147FF42282B21C00A4D94F /* Photo.h */ = {isa = PBXFileReference; lastKnownFileType = sourcecode.c.h; path = Photo.h; sourceTree = "<group>"; };
		A0147FF52282B21C00A4D94F /* Photo.m */ = {isa = PBXFileReference; lastKnownFileType = sourcecode.c.objc; path = Photo.m; sourceTree = "<group>"; };
		A0147FF72282CB9B00A4D94F /* GalleryPhotosViewController.h */ = {isa = PBXFileReference; lastKnownFileType = sourcecode.c.h; path = GalleryPhotosViewController.h; sourceTree = "<group>"; };
		A0147FF82282CB9B00A4D94F /* GalleryPhotosViewController.m */ = {isa = PBXFileReference; lastKnownFileType = sourcecode.c.objc; path = GalleryPhotosViewController.m; sourceTree = "<group>"; };
		A02798122296B006002B42FE /* GalleryCollectionViewDataSource.h */ = {isa = PBXFileReference; lastKnownFileType = sourcecode.c.h; path = GalleryCollectionViewDataSource.h; sourceTree = "<group>"; };
		A02798132296B006002B42FE /* GalleryCollectionViewDataSource.m */ = {isa = PBXFileReference; lastKnownFileType = sourcecode.c.objc; path = GalleryCollectionViewDataSource.m; sourceTree = "<group>"; };
		A02798192296C770002B42FE /* UIScrollView.h */ = {isa = PBXFileReference; lastKnownFileType = sourcecode.c.h; path = UIScrollView.h; sourceTree = "<group>"; };
		A027981A2296C770002B42FE /* UIScrollView.m */ = {isa = PBXFileReference; lastKnownFileType = sourcecode.c.objc; path = UIScrollView.m; sourceTree = "<group>"; };
		A027981C2296D917002B42FE /* FooterCollectionReusableView.h */ = {isa = PBXFileReference; lastKnownFileType = sourcecode.c.h; path = FooterCollectionReusableView.h; sourceTree = "<group>"; };
		A027981D2296D917002B42FE /* FooterCollectionReusableView.m */ = {isa = PBXFileReference; lastKnownFileType = sourcecode.c.objc; path = FooterCollectionReusableView.m; sourceTree = "<group>"; };
		A03E2D202282FC3E00CD9DF6 /* PhotoViewController.h */ = {isa = PBXFileReference; lastKnownFileType = sourcecode.c.h; path = PhotoViewController.h; sourceTree = "<group>"; };
		A03E2D212282FC3E00CD9DF6 /* PhotoViewController.m */ = {isa = PBXFileReference; lastKnownFileType = sourcecode.c.objc; path = PhotoViewController.m; sourceTree = "<group>"; };
		A03E2D2322896D1E00CD9DF6 /* ListOfGalleries.h */ = {isa = PBXFileReference; lastKnownFileType = sourcecode.c.h; path = ListOfGalleries.h; sourceTree = "<group>"; };
		A03E2D2422896D1E00CD9DF6 /* ListOfGalleries.m */ = {isa = PBXFileReference; lastKnownFileType = sourcecode.c.objc; path = ListOfGalleries.m; sourceTree = "<group>"; };
		A03E2D3022898CEA00CD9DF6 /* GetListOfGalleriesResponseParser.h */ = {isa = PBXFileReference; lastKnownFileType = sourcecode.c.h; path = GetListOfGalleriesResponseParser.h; sourceTree = "<group>"; };
		A03E2D3122898CEA00CD9DF6 /* GetListOfGalleriesResponseParser.m */ = {isa = PBXFileReference; lastKnownFileType = sourcecode.c.objc; path = GetListOfGalleriesResponseParser.m; sourceTree = "<group>"; };
		A03E2D462289C7E500CD9DF6 /* GalleryCell.h */ = {isa = PBXFileReference; lastKnownFileType = sourcecode.c.h; path = GalleryCell.h; sourceTree = "<group>"; };
		A03E2D472289C7E500CD9DF6 /* GalleryCell.m */ = {isa = PBXFileReference; lastKnownFileType = sourcecode.c.objc; path = GalleryCell.m; sourceTree = "<group>"; };
		A04BF47922A7B502006895F6 /* UsersListViewController.h */ = {isa = PBXFileReference; lastKnownFileType = sourcecode.c.h; path = UsersListViewController.h; sourceTree = "<group>"; };
		A04BF47A22A7B502006895F6 /* UsersListViewController.m */ = {isa = PBXFileReference; lastKnownFileType = sourcecode.c.objc; path = UsersListViewController.m; sourceTree = "<group>"; };
		A04BF47C22A7B992006895F6 /* User.h */ = {isa = PBXFileReference; lastKnownFileType = sourcecode.c.h; path = User.h; sourceTree = "<group>"; };
		A04BF47D22A7B992006895F6 /* User.m */ = {isa = PBXFileReference; lastKnownFileType = sourcecode.c.objc; path = User.m; sourceTree = "<group>"; };
		A04BF48222A7F65E006895F6 /* AddGallery.storyboard */ = {isa = PBXFileReference; lastKnownFileType = file.storyboard; path = AddGallery.storyboard; sourceTree = "<group>"; };
		A04BF48422A80338006895F6 /* AddGalleryViewController.h */ = {isa = PBXFileReference; lastKnownFileType = sourcecode.c.h; path = AddGalleryViewController.h; sourceTree = "<group>"; };
		A04BF48522A80338006895F6 /* AddGalleryViewController.m */ = {isa = PBXFileReference; lastKnownFileType = sourcecode.c.objc; path = AddGalleryViewController.m; sourceTree = "<group>"; };
		A055BED9228019ED00400256 /* URLLoadingSystem.app */ = {isa = PBXFileReference; explicitFileType = wrapper.application; includeInIndex = 0; path = URLLoadingSystem.app; sourceTree = BUILT_PRODUCTS_DIR; };
		A055BEDC228019ED00400256 /* AppDelegate.h */ = {isa = PBXFileReference; lastKnownFileType = sourcecode.c.h; path = AppDelegate.h; sourceTree = "<group>"; };
		A055BEDD228019ED00400256 /* AppDelegate.m */ = {isa = PBXFileReference; lastKnownFileType = sourcecode.c.objc; path = AppDelegate.m; sourceTree = "<group>"; };
		A055BEDF228019ED00400256 /* GalleriesListViewController.h */ = {isa = PBXFileReference; lastKnownFileType = sourcecode.c.h; path = GalleriesListViewController.h; sourceTree = "<group>"; };
		A055BEE0228019ED00400256 /* GalleriesListViewController.m */ = {isa = PBXFileReference; lastKnownFileType = sourcecode.c.objc; path = GalleriesListViewController.m; sourceTree = "<group>"; };
		A055BEE3228019ED00400256 /* Base */ = {isa = PBXFileReference; lastKnownFileType = file.storyboard; name = Base; path = Base.lproj/Main.storyboard; sourceTree = "<group>"; };
		A055BEE6228019ED00400256 /* URLLoadingSystem.xcdatamodel */ = {isa = PBXFileReference; lastKnownFileType = wrapper.xcdatamodel; path = URLLoadingSystem.xcdatamodel; sourceTree = "<group>"; };
		A055BEE8228019F100400256 /* Assets.xcassets */ = {isa = PBXFileReference; lastKnownFileType = folder.assetcatalog; path = Assets.xcassets; sourceTree = "<group>"; };
		A055BEEB228019F100400256 /* Base */ = {isa = PBXFileReference; lastKnownFileType = file.storyboard; name = Base; path = Base.lproj/LaunchScreen.storyboard; sourceTree = "<group>"; };
		A055BEED228019F100400256 /* Info.plist */ = {isa = PBXFileReference; lastKnownFileType = text.plist.xml; path = Info.plist; sourceTree = "<group>"; };
		A055BEEE228019F100400256 /* main.m */ = {isa = PBXFileReference; lastKnownFileType = sourcecode.c.objc; path = main.m; sourceTree = "<group>"; };
		A055BEF522801A2F00400256 /* NetworkManager.h */ = {isa = PBXFileReference; lastKnownFileType = sourcecode.c.h; path = NetworkManager.h; sourceTree = "<group>"; };
		A055BEF622801A2F00400256 /* NetworkManager.m */ = {isa = PBXFileReference; lastKnownFileType = sourcecode.c.objc; path = NetworkManager.m; sourceTree = "<group>"; };
		A05C2A1F228D379A009BF7BA /* JSONParser.h */ = {isa = PBXFileReference; lastKnownFileType = sourcecode.c.h; path = JSONParser.h; sourceTree = "<group>"; };
		A05C2A20228D379A009BF7BA /* JSONParser.m */ = {isa = PBXFileReference; lastKnownFileType = sourcecode.c.objc; path = JSONParser.m; sourceTree = "<group>"; };
		A05C2A22228D3FD7009BF7BA /* XMLParser.h */ = {isa = PBXFileReference; lastKnownFileType = sourcecode.c.h; path = XMLParser.h; sourceTree = "<group>"; };
		A05C2A23228D3FD7009BF7BA /* XMLParser.m */ = {isa = PBXFileReference; lastKnownFileType = sourcecode.c.objc; path = XMLParser.m; sourceTree = "<group>"; };
		A05C2A28228D40D1009BF7BA /* ParserProtocol.h */ = {isa = PBXFileReference; lastKnownFileType = sourcecode.c.h; path = ParserProtocol.h; sourceTree = "<group>"; };
		A05C2A29228D4312009BF7BA /* GetPhotosResponseParser.h */ = {isa = PBXFileReference; lastKnownFileType = sourcecode.c.h; path = GetPhotosResponseParser.h; sourceTree = "<group>"; };
		A05C2A2A228D4312009BF7BA /* GetPhotosResponseParser.m */ = {isa = PBXFileReference; lastKnownFileType = sourcecode.c.objc; path = GetPhotosResponseParser.m; sourceTree = "<group>"; };
		A05C2A2C228D5215009BF7BA /* ResponseParser.h */ = {isa = PBXFileReference; lastKnownFileType = sourcecode.c.h; path = ResponseParser.h; sourceTree = "<group>"; };
		A0664856229C16AB00066CEA /* ParserProvider.h */ = {isa = PBXFileReference; lastKnownFileType = sourcecode.c.h; path = ParserProvider.h; sourceTree = "<group>"; };
		A0664857229C16AB00066CEA /* ParserProvider.m */ = {isa = PBXFileReference; lastKnownFileType = sourcecode.c.objc; path = ParserProvider.m; sourceTree = "<group>"; };
		A066485B229C253000066CEA /* GalleryHeaderCollectionReusableView.h */ = {isa = PBXFileReference; lastKnownFileType = sourcecode.c.h; path = GalleryHeaderCollectionReusableView.h; sourceTree = "<group>"; };
		A066485C229C253000066CEA /* GalleryHeaderCollectionReusableView.m */ = {isa = PBXFileReference; lastKnownFileType = sourcecode.c.objc; path = GalleryHeaderCollectionReusableView.m; sourceTree = "<group>"; };
		A06C99FF229FB1D4005A6AF3 /* PhotoCollectionViewCell.h */ = {isa = PBXFileReference; lastKnownFileType = sourcecode.c.h; path = PhotoCollectionViewCell.h; sourceTree = "<group>"; };
		A06C9A00229FB1D4005A6AF3 /* PhotoCollectionViewCell.m */ = {isa = PBXFileReference; lastKnownFileType = sourcecode.c.objc; path = PhotoCollectionViewCell.m; sourceTree = "<group>"; };
		A06C9A02229FB65B005A6AF3 /* MainPhotoCollectionViewCell.h */ = {isa = PBXFileReference; lastKnownFileType = sourcecode.c.h; path = MainPhotoCollectionViewCell.h; sourceTree = "<group>"; };
		A06C9A03229FB65B005A6AF3 /* MainPhotoCollectionViewCell.m */ = {isa = PBXFileReference; lastKnownFileType = sourcecode.c.objc; path = MainPhotoCollectionViewCell.m; sourceTree = "<group>"; };
		A06C9A10229FC734005A6AF3 /* PhotoCell.xib */ = {isa = PBXFileReference; lastKnownFileType = file.xib; path = PhotoCell.xib; sourceTree = "<group>"; };
		A06C9A1522A01A6D005A6AF3 /* MainPhotoCell.xib */ = {isa = PBXFileReference; lastKnownFileType = file.xib; path = MainPhotoCell.xib; sourceTree = "<group>"; };
		A06C9A1722A120ED005A6AF3 /* PhotoCellProtocol.h */ = {isa = PBXFileReference; lastKnownFileType = sourcecode.c.h; path = PhotoCellProtocol.h; sourceTree = "<group>"; };
		A08503CF229805850083FEB7 /* Constants.h */ = {isa = PBXFileReference; lastKnownFileType = sourcecode.c.h; path = Constants.h; sourceTree = "<group>"; };
		A08503D0229805850083FEB7 /* Constants.m */ = {isa = PBXFileReference; lastKnownFileType = sourcecode.c.objc; path = Constants.m; sourceTree = "<group>"; };
		A08503D8229836F10083FEB7 /* Footer.xib */ = {isa = PBXFileReference; lastKnownFileType = file.xib; path = Footer.xib; sourceTree = "<group>"; };
		A0862CE1229525BB00F1855B /* PhotoProvider.h */ = {isa = PBXFileReference; lastKnownFileType = sourcecode.c.h; path = PhotoProvider.h; sourceTree = "<group>"; };
		A0862CE2229525BB00F1855B /* PhotoProvider.m */ = {isa = PBXFileReference; lastKnownFileType = sourcecode.c.objc; path = PhotoProvider.m; sourceTree = "<group>"; };
		A0862CE4229527C700F1855B /* GalleriesListProvider.h */ = {isa = PBXFileReference; lastKnownFileType = sourcecode.c.h; path = GalleriesListProvider.h; sourceTree = "<group>"; };
		A0862CE5229527C700F1855B /* GalleriesListProvider.m */ = {isa = PBXFileReference; lastKnownFileType = sourcecode.c.objc; path = GalleriesListProvider.m; sourceTree = "<group>"; };
		A0B2932622AE44570051358B /* UICollectionView.h */ = {isa = PBXFileReference; lastKnownFileType = sourcecode.c.h; path = UICollectionView.h; sourceTree = "<group>"; };
		A0B2932722AE44570051358B /* UICollectionView.m */ = {isa = PBXFileReference; lastKnownFileType = sourcecode.c.objc; path = UICollectionView.m; sourceTree = "<group>"; };
		A0F4C1D922A94C770080E040 /* LocalGalleriesListProvider.h */ = {isa = PBXFileReference; lastKnownFileType = sourcecode.c.h; path = LocalGalleriesListProvider.h; sourceTree = "<group>"; };
		A0F4C1DA22A94C770080E040 /* LocalGalleriesListProvider.m */ = {isa = PBXFileReference; lastKnownFileType = sourcecode.c.objc; path = LocalGalleriesListProvider.m; sourceTree = "<group>"; };
		A0F4C1DC22A94C990080E040 /* PhotoProviderProtocol.h */ = {isa = PBXFileReference; lastKnownFileType = sourcecode.c.h; path = PhotoProviderProtocol.h; sourceTree = "<group>"; };
		A0F4C1DD22A94CC80080E040 /* GalleriesListProviderProtocol.h */ = {isa = PBXFileReference; lastKnownFileType = sourcecode.c.h; path = GalleriesListProviderProtocol.h; sourceTree = "<group>"; };
		A0F4C1DF22A95AA80080E040 /* AddPhotosToGalleryViewController.h */ = {isa = PBXFileReference; lastKnownFileType = sourcecode.c.h; path = AddPhotosToGalleryViewController.h; sourceTree = "<group>"; };
		A0F4C1E022A95AA80080E040 /* AddPhotosToGalleryViewController.m */ = {isa = PBXFileReference; lastKnownFileType = sourcecode.c.objc; path = AddPhotosToGalleryViewController.m; sourceTree = "<group>"; };
/* End PBXFileReference section */

/* Begin PBXFrameworksBuildPhase section */
		A055BED6228019ED00400256 /* Frameworks */ = {
			isa = PBXFrameworksBuildPhase;
			buildActionMask = 2147483647;
			files = (
			);
			runOnlyForDeploymentPostprocessing = 0;
		};
/* End PBXFrameworksBuildPhase section */

/* Begin PBXGroup section */
		A0109EF8228BFF280055F946 /* Parsers */ = {
			isa = PBXGroup;
			children = (
				A05C2A2C228D5215009BF7BA /* ResponseParser.h */,
				A03E2D3022898CEA00CD9DF6 /* GetListOfGalleriesResponseParser.h */,
				A03E2D3122898CEA00CD9DF6 /* GetListOfGalleriesResponseParser.m */,
				A05C2A29228D4312009BF7BA /* GetPhotosResponseParser.h */,
				A05C2A2A228D4312009BF7BA /* GetPhotosResponseParser.m */,
				A05C2A28228D40D1009BF7BA /* ParserProtocol.h */,
				A05C2A1F228D379A009BF7BA /* JSONParser.h */,
				A05C2A20228D379A009BF7BA /* JSONParser.m */,
				A05C2A22228D3FD7009BF7BA /* XMLParser.h */,
				A05C2A23228D3FD7009BF7BA /* XMLParser.m */,
				A0664856229C16AB00066CEA /* ParserProvider.h */,
				A0664857229C16AB00066CEA /* ParserProvider.m */,
			);
			name = Parsers;
			sourceTree = "<group>";
		};
		A02798152296C499002B42FE /* GalleriesListViewController */ = {
			isa = PBXGroup;
			children = (
				A03E2D452289C7CB00CD9DF6 /* GalleryCell */,
				A055BEDF228019ED00400256 /* GalleriesListViewController.h */,
				A055BEE0228019ED00400256 /* GalleriesListViewController.m */,
			);
			name = GalleriesListViewController;
			sourceTree = "<group>";
		};
		A02798162296C609002B42FE /* PhotosViewController */ = {
			isa = PBXGroup;
			children = (
				A06C99FE229FB167005A6AF3 /* Cell */,
				A08503CE2298036A0083FEB7 /* CollectionViewDataSourse */,
				A02798172296C628002B42FE /* PhotoViewController */,
				A0147FF72282CB9B00A4D94F /* GalleryPhotosViewController.h */,
				A0147FF82282CB9B00A4D94F /* GalleryPhotosViewController.m */,
			);
			name = PhotosViewController;
			sourceTree = "<group>";
		};
		A02798172296C628002B42FE /* PhotoViewController */ = {
			isa = PBXGroup;
			children = (
				A06C9A05229FB661005A6AF3 /* Cell */,
				A03E2D202282FC3E00CD9DF6 /* PhotoViewController.h */,
				A03E2D212282FC3E00CD9DF6 /* PhotoViewController.m */,
			);
			name = PhotoViewController;
			sourceTree = "<group>";
		};
		A02798182296C734002B42FE /* Extensions */ = {
			isa = PBXGroup;
			children = (
				A02798192296C770002B42FE /* UIScrollView.h */,
				A027981A2296C770002B42FE /* UIScrollView.m */,
				A0B2932622AE44570051358B /* UICollectionView.h */,
				A0B2932722AE44570051358B /* UICollectionView.m */,
			);
			name = Extensions;
			sourceTree = "<group>";
		};
		A027981F2296D921002B42FE /* Footer */ = {
			isa = PBXGroup;
			children = (
				A027981C2296D917002B42FE /* FooterCollectionReusableView.h */,
				A027981D2296D917002B42FE /* FooterCollectionReusableView.m */,
				A08503D8229836F10083FEB7 /* Footer.xib */,
			);
			name = Footer;
			sourceTree = "<group>";
		};
		A03E2D3D2289A80900CD9DF6 /* Models */ = {
			isa = PBXGroup;
			children = (
				A03E2D2322896D1E00CD9DF6 /* ListOfGalleries.h */,
				A03E2D2422896D1E00CD9DF6 /* ListOfGalleries.m */,
				A0147FF122817D4F00A4D94F /* Gallery.h */,
				A0147FF222817D4F00A4D94F /* Gallery.m */,
				A0147FF42282B21C00A4D94F /* Photo.h */,
				A0147FF52282B21C00A4D94F /* Photo.m */,
				A04BF47C22A7B992006895F6 /* User.h */,
				A04BF47D22A7B992006895F6 /* User.m */,
			);
			name = Models;
			sourceTree = "<group>";
		};
		A03E2D3F2289A83000CD9DF6 /* Network */ = {
			isa = PBXGroup;
			children = (
				A055BEF522801A2F00400256 /* NetworkManager.h */,
				A055BEF622801A2F00400256 /* NetworkManager.m */,
				A009EFD4228EF8D900839F5D /* DataProviderNetwork.h */,
				A009EFD5228EF8D900839F5D /* DataProviderNetwork.m */,
			);
			name = Network;
			sourceTree = "<group>";
		};
		A03E2D402289A84800CD9DF6 /* Controllers */ = {
			isa = PBXGroup;
			children = (
				A0F4C1DE22A959590080E040 /* Add photos to gallery */,
				A04BF47F22A7F629006895F6 /* AddGallery */,
				A04BF47822A7B4AA006895F6 /* UsersList */,
				A02798162296C609002B42FE /* PhotosViewController */,
				A02798152296C499002B42FE /* GalleriesListViewController */,
			);
			name = Controllers;
			sourceTree = "<group>";
		};
		A03E2D452289C7CB00CD9DF6 /* GalleryCell */ = {
			isa = PBXGroup;
			children = (
				A03E2D462289C7E500CD9DF6 /* GalleryCell.h */,
				A03E2D472289C7E500CD9DF6 /* GalleryCell.m */,
			);
			name = GalleryCell;
			sourceTree = "<group>";
		};
		A04BF47822A7B4AA006895F6 /* UsersList */ = {
			isa = PBXGroup;
			children = (
				A04BF47922A7B502006895F6 /* UsersListViewController.h */,
				A04BF47A22A7B502006895F6 /* UsersListViewController.m */,
			);
			name = UsersList;
			sourceTree = "<group>";
		};
		A04BF47F22A7F629006895F6 /* AddGallery */ = {
			isa = PBXGroup;
			children = (
				A04BF48222A7F65E006895F6 /* AddGallery.storyboard */,
				A04BF48422A80338006895F6 /* AddGalleryViewController.h */,
				A04BF48522A80338006895F6 /* AddGalleryViewController.m */,
			);
			name = AddGallery;
			sourceTree = "<group>";
		};
		A055BED0228019ED00400256 = {
			isa = PBXGroup;
			children = (
				A055BEDB228019ED00400256 /* URLLoadingSystem */,
				A055BEDA228019ED00400256 /* Products */,
			);
			sourceTree = "<group>";
		};
		A055BEDA228019ED00400256 /* Products */ = {
			isa = PBXGroup;
			children = (
				A055BED9228019ED00400256 /* URLLoadingSystem.app */,
			);
			name = Products;
			sourceTree = "<group>";
		};
		A055BEDB228019ED00400256 /* URLLoadingSystem */ = {
			isa = PBXGroup;
			children = (
				A066485A229C1A7700066CEA /* Views */,
				A0664859229C1A6300066CEA /* Constants */,
				A02798182296C734002B42FE /* Extensions */,
				A0109EF8228BFF280055F946 /* Parsers */,
				A03E2D402289A84800CD9DF6 /* Controllers */,
				A03E2D3D2289A80900CD9DF6 /* Models */,
				A03E2D3F2289A83000CD9DF6 /* Network */,
				A0862CAB2292B5DB00F1855B /* Data provider */,
				A055BEDC228019ED00400256 /* AppDelegate.h */,
				A055BEDD228019ED00400256 /* AppDelegate.m */,
				A055BEE2228019ED00400256 /* Main.storyboard */,
				A055BEE8228019F100400256 /* Assets.xcassets */,
				A055BEEA228019F100400256 /* LaunchScreen.storyboard */,
				A055BEED228019F100400256 /* Info.plist */,
				A055BEEE228019F100400256 /* main.m */,
				A055BEE5228019ED00400256 /* URLLoadingSystem.xcdatamodeld */,
			);
			path = URLLoadingSystem;
			sourceTree = "<group>";
		};
		A0664859229C1A6300066CEA /* Constants */ = {
			isa = PBXGroup;
			children = (
				A08503CF229805850083FEB7 /* Constants.h */,
				A08503D0229805850083FEB7 /* Constants.m */,
			);
			name = Constants;
			sourceTree = "<group>";
		};
		A066485A229C1A7700066CEA /* Views */ = {
			isa = PBXGroup;
			children = (
				A06C9A09229FB973005A6AF3 /* Header */,
				A027981F2296D921002B42FE /* Footer */,
			);
			name = Views;
			sourceTree = "<group>";
		};
		A06C99FE229FB167005A6AF3 /* Cell */ = {
			isa = PBXGroup;
			children = (
				A06C9A1B22A1214A005A6AF3 /* PhotoCell */,
				A06C99FF229FB1D4005A6AF3 /* PhotoCollectionViewCell.h */,
				A06C9A00229FB1D4005A6AF3 /* PhotoCollectionViewCell.m */,
				A06C9A10229FC734005A6AF3 /* PhotoCell.xib */,
			);
			name = Cell;
			sourceTree = "<group>";
		};
		A06C9A05229FB661005A6AF3 /* Cell */ = {
			isa = PBXGroup;
			children = (
				A06C9A02229FB65B005A6AF3 /* MainPhotoCollectionViewCell.h */,
				A06C9A03229FB65B005A6AF3 /* MainPhotoCollectionViewCell.m */,
				A06C9A1522A01A6D005A6AF3 /* MainPhotoCell.xib */,
			);
			name = Cell;
			sourceTree = "<group>";
		};
		A06C9A09229FB973005A6AF3 /* Header */ = {
			isa = PBXGroup;
			children = (
				A066485B229C253000066CEA /* GalleryHeaderCollectionReusableView.h */,
				A066485C229C253000066CEA /* GalleryHeaderCollectionReusableView.m */,
			);
			name = Header;
			sourceTree = "<group>";
		};
		A06C9A1B22A1214A005A6AF3 /* PhotoCell */ = {
			isa = PBXGroup;
			children = (
				A06C9A1722A120ED005A6AF3 /* PhotoCellProtocol.h */,
			);
			name = PhotoCell;
			sourceTree = "<group>";
		};
		A08503CE2298036A0083FEB7 /* CollectionViewDataSourse */ = {
			isa = PBXGroup;
			children = (
				A02798122296B006002B42FE /* GalleryCollectionViewDataSource.h */,
				A02798132296B006002B42FE /* GalleryCollectionViewDataSource.m */,
			);
			name = CollectionViewDataSourse;
			sourceTree = "<group>";
		};
		A0862CAB2292B5DB00F1855B /* Data provider */ = {
			isa = PBXGroup;
			children = (
				A0F4C1DC22A94C990080E040 /* PhotoProviderProtocol.h */,
				A0F4C1DD22A94CC80080E040 /* GalleriesListProviderProtocol.h */,
				A0F4C1D822A94C200080E040 /* localProviders */,
				A0F4C1D722A94C040080E040 /* remoteProviders */,
			);
			name = "Data provider";
			sourceTree = "<group>";
		};
		A0F4C1D722A94C040080E040 /* remoteProviders */ = {
			isa = PBXGroup;
			children = (
				A0862CE1229525BB00F1855B /* PhotoProvider.h */,
				A0862CE2229525BB00F1855B /* PhotoProvider.m */,
				A0862CE4229527C700F1855B /* GalleriesListProvider.h */,
				A0862CE5229527C700F1855B /* GalleriesListProvider.m */,
			);
			name = remoteProviders;
			sourceTree = "<group>";
		};
		A0F4C1D822A94C200080E040 /* localProviders */ = {
			isa = PBXGroup;
			children = (
				A0F4C1D922A94C770080E040 /* LocalGalleriesListProvider.h */,
				A0F4C1DA22A94C770080E040 /* LocalGalleriesListProvider.m */,
			);
			name = localProviders;
			sourceTree = "<group>";
		};
		A0F4C1DE22A959590080E040 /* Add photos to gallery */ = {
			isa = PBXGroup;
			children = (
				A0F4C1DF22A95AA80080E040 /* AddPhotosToGalleryViewController.h */,
				A0F4C1E022A95AA80080E040 /* AddPhotosToGalleryViewController.m */,
			);
			name = "Add photos to gallery";
			sourceTree = "<group>";
		};
/* End PBXGroup section */

/* Begin PBXNativeTarget section */
		A055BED8228019ED00400256 /* URLLoadingSystem */ = {
			isa = PBXNativeTarget;
			buildConfigurationList = A055BEF2228019F100400256 /* Build configuration list for PBXNativeTarget "URLLoadingSystem" */;
			buildPhases = (
				A055BED5228019ED00400256 /* Sources */,
				A055BED6228019ED00400256 /* Frameworks */,
				A055BED7228019ED00400256 /* Resources */,
			);
			buildRules = (
			);
			dependencies = (
			);
			name = URLLoadingSystem;
			productName = URLLoadingSystem;
			productReference = A055BED9228019ED00400256 /* URLLoadingSystem.app */;
			productType = "com.apple.product-type.application";
		};
/* End PBXNativeTarget section */

/* Begin PBXProject section */
		A055BED1228019ED00400256 /* Project object */ = {
			isa = PBXProject;
			attributes = {
				LastUpgradeCheck = 1020;
				ORGANIZATIONNAME = "Darya Klochkova";
				TargetAttributes = {
					A055BED8228019ED00400256 = {
						CreatedOnToolsVersion = 10.2;
					};
				};
			};
			buildConfigurationList = A055BED4228019ED00400256 /* Build configuration list for PBXProject "URLLoadingSystem" */;
			compatibilityVersion = "Xcode 9.3";
			developmentRegion = en;
			hasScannedForEncodings = 0;
			knownRegions = (
				en,
				Base,
			);
			mainGroup = A055BED0228019ED00400256;
			productRefGroup = A055BEDA228019ED00400256 /* Products */;
			projectDirPath = "";
			projectRoot = "";
			targets = (
				A055BED8228019ED00400256 /* URLLoadingSystem */,
			);
		};
/* End PBXProject section */

/* Begin PBXResourcesBuildPhase section */
		A055BED7228019ED00400256 /* Resources */ = {
			isa = PBXResourcesBuildPhase;
			buildActionMask = 2147483647;
			files = (
				A055BEEC228019F100400256 /* LaunchScreen.storyboard in Resources */,
				A055BEE9228019F100400256 /* Assets.xcassets in Resources */,
				A08503D9229836F10083FEB7 /* Footer.xib in Resources */,
				A055BEE4228019ED00400256 /* Main.storyboard in Resources */,
				A06C9A1622A01A6D005A6AF3 /* MainPhotoCell.xib in Resources */,
				A06C9A11229FC734005A6AF3 /* PhotoCell.xib in Resources */,
				A04BF48322A7F65E006895F6 /* AddGallery.storyboard in Resources */,
			);
			runOnlyForDeploymentPostprocessing = 0;
		};
/* End PBXResourcesBuildPhase section */

/* Begin PBXSourcesBuildPhase section */
		A055BED5228019ED00400256 /* Sources */ = {
			isa = PBXSourcesBuildPhase;
			buildActionMask = 2147483647;
			files = (
				A0147FF62282B21D00A4D94F /* Photo.m in Sources */,
				A0862CE6229527C700F1855B /* GalleriesListProvider.m in Sources */,
				A055BEF722801A2F00400256 /* NetworkManager.m in Sources */,
				A066485D229C253000066CEA /* GalleryHeaderCollectionReusableView.m in Sources */,
				A06C9A04229FB65B005A6AF3 /* MainPhotoCollectionViewCell.m in Sources */,
				A055BEE1228019ED00400256 /* GalleriesListViewController.m in Sources */,
				A03E2D482289C7E500CD9DF6 /* GalleryCell.m in Sources */,
				A03E2D2522896D1E00CD9DF6 /* ListOfGalleries.m in Sources */,
				A04BF47E22A7B992006895F6 /* User.m in Sources */,
				A0664858229C16AB00066CEA /* ParserProvider.m in Sources */,
				A055BEDE228019ED00400256 /* AppDelegate.m in Sources */,
				A0F4C1DB22A94C770080E040 /* LocalGalleriesListProvider.m in Sources */,
				A0862CE3229525BB00F1855B /* PhotoProvider.m in Sources */,
				A04BF48622A80338006895F6 /* AddGalleryViewController.m in Sources */,
				A0147FF92282CB9B00A4D94F /* GalleryPhotosViewController.m in Sources */,
				A05C2A21228D379A009BF7BA /* JSONParser.m in Sources */,
				A02798142296B006002B42FE /* GalleryCollectionViewDataSource.m in Sources */,
				A04BF47B22A7B502006895F6 /* UsersListViewController.m in Sources */,
				A0B2932822AE44570051358B /* UICollectionView.m in Sources */,
				A08503D1229805850083FEB7 /* Constants.m in Sources */,
				A027981B2296C770002B42FE /* UIScrollView.m in Sources */,
				A009EFD6228EF8D900839F5D /* DataProviderNetwork.m in Sources */,
				A027981E2296D917002B42FE /* FooterCollectionReusableView.m in Sources */,
				A0147FF322817D4F00A4D94F /* Gallery.m in Sources */,
				A05C2A2B228D4312009BF7BA /* GetPhotosResponseParser.m in Sources */,
				A0F4C1E122A95AA80080E040 /* AddPhotosToGalleryViewController.m in Sources */,
				A03E2D222282FC3E00CD9DF6 /* PhotoViewController.m in Sources */,
				A055BEEF228019F100400256 /* main.m in Sources */,
				A03E2D3222898CEA00CD9DF6 /* GetListOfGalleriesResponseParser.m in Sources */,
				A05C2A24228D3FD7009BF7BA /* XMLParser.m in Sources */,
				A06C9A01229FB1D4005A6AF3 /* PhotoCollectionViewCell.m in Sources */,
				A055BEE7228019ED00400256 /* URLLoadingSystem.xcdatamodeld in Sources */,
			);
			runOnlyForDeploymentPostprocessing = 0;
		};
/* End PBXSourcesBuildPhase section */

/* Begin PBXVariantGroup section */
		A055BEE2228019ED00400256 /* Main.storyboard */ = {
			isa = PBXVariantGroup;
			children = (
				A055BEE3228019ED00400256 /* Base */,
			);
			name = Main.storyboard;
			sourceTree = "<group>";
		};
		A055BEEA228019F100400256 /* LaunchScreen.storyboard */ = {
			isa = PBXVariantGroup;
			children = (
				A055BEEB228019F100400256 /* Base */,
			);
			name = LaunchScreen.storyboard;
			sourceTree = "<group>";
		};
/* End PBXVariantGroup section */

/* Begin XCBuildConfiguration section */
		A055BEF0228019F100400256 /* Debug */ = {
			isa = XCBuildConfiguration;
			buildSettings = {
				ALWAYS_SEARCH_USER_PATHS = NO;
				CLANG_ANALYZER_NONNULL = YES;
				CLANG_ANALYZER_NUMBER_OBJECT_CONVERSION = YES_AGGRESSIVE;
				CLANG_CXX_LANGUAGE_STANDARD = "gnu++14";
				CLANG_CXX_LIBRARY = "libc++";
				CLANG_ENABLE_MODULES = YES;
				CLANG_ENABLE_OBJC_ARC = YES;
				CLANG_ENABLE_OBJC_WEAK = YES;
				CLANG_WARN_BLOCK_CAPTURE_AUTORELEASING = YES;
				CLANG_WARN_BOOL_CONVERSION = YES;
				CLANG_WARN_COMMA = YES;
				CLANG_WARN_CONSTANT_CONVERSION = YES;
				CLANG_WARN_DEPRECATED_OBJC_IMPLEMENTATIONS = YES;
				CLANG_WARN_DIRECT_OBJC_ISA_USAGE = YES_ERROR;
				CLANG_WARN_DOCUMENTATION_COMMENTS = YES;
				CLANG_WARN_EMPTY_BODY = YES;
				CLANG_WARN_ENUM_CONVERSION = YES;
				CLANG_WARN_INFINITE_RECURSION = YES;
				CLANG_WARN_INT_CONVERSION = YES;
				CLANG_WARN_NON_LITERAL_NULL_CONVERSION = YES;
				CLANG_WARN_OBJC_IMPLICIT_RETAIN_SELF = YES;
				CLANG_WARN_OBJC_LITERAL_CONVERSION = YES;
				CLANG_WARN_OBJC_ROOT_CLASS = YES_ERROR;
				CLANG_WARN_RANGE_LOOP_ANALYSIS = YES;
				CLANG_WARN_STRICT_PROTOTYPES = YES;
				CLANG_WARN_SUSPICIOUS_MOVE = YES;
				CLANG_WARN_UNGUARDED_AVAILABILITY = YES_AGGRESSIVE;
				CLANG_WARN_UNREACHABLE_CODE = YES;
				CLANG_WARN__DUPLICATE_METHOD_MATCH = YES;
				CODE_SIGN_IDENTITY = "iPhone Developer";
				COPY_PHASE_STRIP = NO;
				DEBUG_INFORMATION_FORMAT = dwarf;
				ENABLE_STRICT_OBJC_MSGSEND = YES;
				ENABLE_TESTABILITY = YES;
				GCC_C_LANGUAGE_STANDARD = gnu11;
				GCC_DYNAMIC_NO_PIC = NO;
				GCC_NO_COMMON_BLOCKS = YES;
				GCC_OPTIMIZATION_LEVEL = 0;
				GCC_PREPROCESSOR_DEFINITIONS = (
					"DEBUG=1",
					"$(inherited)",
				);
				GCC_WARN_64_TO_32_BIT_CONVERSION = YES;
				GCC_WARN_ABOUT_RETURN_TYPE = YES_ERROR;
				GCC_WARN_UNDECLARED_SELECTOR = YES;
				GCC_WARN_UNINITIALIZED_AUTOS = YES_AGGRESSIVE;
				GCC_WARN_UNUSED_FUNCTION = YES;
				GCC_WARN_UNUSED_VARIABLE = YES;
				IPHONEOS_DEPLOYMENT_TARGET = 12.2;
				MTL_ENABLE_DEBUG_INFO = INCLUDE_SOURCE;
				MTL_FAST_MATH = YES;
				ONLY_ACTIVE_ARCH = YES;
				SDKROOT = iphoneos;
			};
			name = Debug;
		};
		A055BEF1228019F100400256 /* Release */ = {
			isa = XCBuildConfiguration;
			buildSettings = {
				ALWAYS_SEARCH_USER_PATHS = NO;
				CLANG_ANALYZER_NONNULL = YES;
				CLANG_ANALYZER_NUMBER_OBJECT_CONVERSION = YES_AGGRESSIVE;
				CLANG_CXX_LANGUAGE_STANDARD = "gnu++14";
				CLANG_CXX_LIBRARY = "libc++";
				CLANG_ENABLE_MODULES = YES;
				CLANG_ENABLE_OBJC_ARC = YES;
				CLANG_ENABLE_OBJC_WEAK = YES;
				CLANG_WARN_BLOCK_CAPTURE_AUTORELEASING = YES;
				CLANG_WARN_BOOL_CONVERSION = YES;
				CLANG_WARN_COMMA = YES;
				CLANG_WARN_CONSTANT_CONVERSION = YES;
				CLANG_WARN_DEPRECATED_OBJC_IMPLEMENTATIONS = YES;
				CLANG_WARN_DIRECT_OBJC_ISA_USAGE = YES_ERROR;
				CLANG_WARN_DOCUMENTATION_COMMENTS = YES;
				CLANG_WARN_EMPTY_BODY = YES;
				CLANG_WARN_ENUM_CONVERSION = YES;
				CLANG_WARN_INFINITE_RECURSION = YES;
				CLANG_WARN_INT_CONVERSION = YES;
				CLANG_WARN_NON_LITERAL_NULL_CONVERSION = YES;
				CLANG_WARN_OBJC_IMPLICIT_RETAIN_SELF = YES;
				CLANG_WARN_OBJC_LITERAL_CONVERSION = YES;
				CLANG_WARN_OBJC_ROOT_CLASS = YES_ERROR;
				CLANG_WARN_RANGE_LOOP_ANALYSIS = YES;
				CLANG_WARN_STRICT_PROTOTYPES = YES;
				CLANG_WARN_SUSPICIOUS_MOVE = YES;
				CLANG_WARN_UNGUARDED_AVAILABILITY = YES_AGGRESSIVE;
				CLANG_WARN_UNREACHABLE_CODE = YES;
				CLANG_WARN__DUPLICATE_METHOD_MATCH = YES;
				CODE_SIGN_IDENTITY = "iPhone Developer";
				COPY_PHASE_STRIP = NO;
				DEBUG_INFORMATION_FORMAT = "dwarf-with-dsym";
				ENABLE_NS_ASSERTIONS = NO;
				ENABLE_STRICT_OBJC_MSGSEND = YES;
				GCC_C_LANGUAGE_STANDARD = gnu11;
				GCC_NO_COMMON_BLOCKS = YES;
				GCC_WARN_64_TO_32_BIT_CONVERSION = YES;
				GCC_WARN_ABOUT_RETURN_TYPE = YES_ERROR;
				GCC_WARN_UNDECLARED_SELECTOR = YES;
				GCC_WARN_UNINITIALIZED_AUTOS = YES_AGGRESSIVE;
				GCC_WARN_UNUSED_FUNCTION = YES;
				GCC_WARN_UNUSED_VARIABLE = YES;
				IPHONEOS_DEPLOYMENT_TARGET = 12.2;
				MTL_ENABLE_DEBUG_INFO = NO;
				MTL_FAST_MATH = YES;
				SDKROOT = iphoneos;
				VALIDATE_PRODUCT = YES;
			};
			name = Release;
		};
		A055BEF3228019F100400256 /* Debug */ = {
			isa = XCBuildConfiguration;
			buildSettings = {
				ASSETCATALOG_COMPILER_APPICON_NAME = AppIcon;
				CODE_SIGN_STYLE = Automatic;
				DEVELOPMENT_TEAM = 58DB3XB8W9;
				INFOPLIST_FILE = URLLoadingSystem/Info.plist;
				LD_RUNPATH_SEARCH_PATHS = (
					"$(inherited)",
					"@executable_path/Frameworks",
				);
				PRODUCT_BUNDLE_IDENTIFIER = FLS.URLLoadingSystem;
				PRODUCT_NAME = "$(TARGET_NAME)";
				TARGETED_DEVICE_FAMILY = "1,2";
			};
			name = Debug;
		};
		A055BEF4228019F100400256 /* Release */ = {
			isa = XCBuildConfiguration;
			buildSettings = {
				ASSETCATALOG_COMPILER_APPICON_NAME = AppIcon;
				CODE_SIGN_STYLE = Automatic;
				DEVELOPMENT_TEAM = 58DB3XB8W9;
				INFOPLIST_FILE = URLLoadingSystem/Info.plist;
				LD_RUNPATH_SEARCH_PATHS = (
					"$(inherited)",
					"@executable_path/Frameworks",
				);
				PRODUCT_BUNDLE_IDENTIFIER = FLS.URLLoadingSystem;
				PRODUCT_NAME = "$(TARGET_NAME)";
				TARGETED_DEVICE_FAMILY = "1,2";
			};
			name = Release;
		};
/* End XCBuildConfiguration section */

/* Begin XCConfigurationList section */
		A055BED4228019ED00400256 /* Build configuration list for PBXProject "URLLoadingSystem" */ = {
			isa = XCConfigurationList;
			buildConfigurations = (
				A055BEF0228019F100400256 /* Debug */,
				A055BEF1228019F100400256 /* Release */,
			);
			defaultConfigurationIsVisible = 0;
			defaultConfigurationName = Release;
		};
		A055BEF2228019F100400256 /* Build configuration list for PBXNativeTarget "URLLoadingSystem" */ = {
			isa = XCConfigurationList;
			buildConfigurations = (
				A055BEF3228019F100400256 /* Debug */,
				A055BEF4228019F100400256 /* Release */,
			);
			defaultConfigurationIsVisible = 0;
			defaultConfigurationName = Release;
		};
/* End XCConfigurationList section */

/* Begin XCVersionGroup section */
		A055BEE5228019ED00400256 /* URLLoadingSystem.xcdatamodeld */ = {
			isa = XCVersionGroup;
			children = (
				A055BEE6228019ED00400256 /* URLLoadingSystem.xcdatamodel */,
			);
			currentVersion = A055BEE6228019ED00400256 /* URLLoadingSystem.xcdatamodel */;
			path = URLLoadingSystem.xcdatamodeld;
			sourceTree = "<group>";
			versionGroupType = wrapper.xcdatamodel;
		};
/* End XCVersionGroup section */
	};
	rootObject = A055BED1228019ED00400256 /* Project object */;
}
